
Microsoft Visual Studio Solution File, Format Version 12.00
Project("{FAE04EC0-301F-11D3-BF4B-00C04F79EFBC}") = "Bibioteca", "Bibioteca.csproj", "{91E3F261-5EDD-4DFE-8C4C-8B9AF46FB63C}"
EndProject
Global
	GlobalSection(SolutionConfigurationPlatforms) = preSolution
		Debug|Any CPU = Debug|Any CPU
		Release|Any CPU = Release|Any CPU
	EndGlobalSection
	GlobalSection(ProjectConfigurationPlatforms) = postSolution
		{91E3F261-5EDD-4DFE-8C4C-8B9AF46FB63C}.Debug|Any CPU.ActiveCfg = Debug|Any CPU
		{91E3F261-5EDD-4DFE-8C4C-8B9AF46FB63C}.Debug|Any CPU.Build.0 = Debug|Any CPU
		{91E3F261-5EDD-4DFE-8C4C-8B9AF46FB63C}.Release|Any CPU.ActiveCfg = Release|Any CPU
		{91E3F261-5EDD-4DFE-8C4C-8B9AF46FB63C}.Release|Any CPU.Build.0 = Release|Any CPU
	EndGlobalSection
EndGlobal
